
Microsoft Visual Studio Solution File, Format Version 12.00
# Visual Studio 2012
Project("{FAE04EC0-301F-11D3-BF4B-00C04F79EFBC}") = "FileSystemWatcher", "FileSystemWatcher\FileSystemWatcher.csproj", "{CDC90BEC-956C-4F56-B33D-26C215965F70}"
EndProject
Global
	GlobalSection(SolutionConfigurationPlatforms) = preSolution
		Debug|Any CPU = Debug|Any CPU
		Release|Any CPU = Release|Any CPU
	EndGlobalSection
	GlobalSection(ProjectConfigurationPlatforms) = postSolution
		{CDC90BEC-956C-4F56-B33D-26C215965F70}.Debug|Any CPU.ActiveCfg = Debug|Any CPU
		{CDC90BEC-956C-4F56-B33D-26C215965F70}.Debug|Any CPU.Build.0 = Debug|Any CPU
		{CDC90BEC-956C-4F56-B33D-26C215965F70}.Release|Any CPU.ActiveCfg = Release|Any CPU
		{CDC90BEC-956C-4F56-B33D-26C215965F70}.Release|Any CPU.Build.0 = Release|Any CPU
	EndGlobalSection
	GlobalSection(SolutionProperties) = preSolution
		HideSolutionNode = FALSE
	EndGlobalSection
EndGlobal
