
Microsoft Visual Studio Solution File, Format Version 12.00
# Visual Studio 2012
Project("{FAE04EC0-301F-11D3-BF4B-00C04F79EFBC}") = "WindowsFormsApplication2", "WindowsFormsApplication2\WindowsFormsApplication2.csproj", "{F0706797-0C7B-47C8-ACA9-C74F85842FE4}"
EndProject
Project("{FAE04EC0-301F-11D3-BF4B-00C04F79EFBC}") = "Number_Generator", "Number_Generator\Number_Generator.csproj", "{6F4D9D10-E662-4DCC-8E24-9073FE8F81DB}"
EndProject
Project("{FAE04EC0-301F-11D3-BF4B-00C04F79EFBC}") = "MethodsExample", "MethodsExample\MethodsExample.csproj", "{5CD5F0A9-4AB2-4CF2-9B3E-40AC83CCEFD8}"
EndProject
Project("{FAE04EC0-301F-11D3-BF4B-00C04F79EFBC}") = "Lessons13", "Lessons13\Lessons13.csproj", "{6391CD0D-F04B-4D40-9AAC-948CE0DA5484}"
EndProject
Project("{FAE04EC0-301F-11D3-BF4B-00C04F79EFBC}") = "Error_Handling", "Error_Handling\Error_Handling.csproj", "{3628BACE-6326-461E-B8ED-C9F8F39B2D29}"
EndProject
Project("{FAE04EC0-301F-11D3-BF4B-00C04F79EFBC}") = "Func_Delegate", "Func_Delegate\Func_Delegate.csproj", "{FD0ECAD2-EBB0-4D65-A96F-12A90F19C8C1}"
EndProject
Project("{FAE04EC0-301F-11D3-BF4B-00C04F79EFBC}") = "RandomNumberGenerator", "RandomNumberGenerator\RandomNumberGenerator.csproj", "{54526E16-D5D2-49E6-98B1-B7F4CABD722B}"
EndProject
Global
	GlobalSection(SolutionConfigurationPlatforms) = preSolution
		Debug|Any CPU = Debug|Any CPU
		Release|Any CPU = Release|Any CPU
	EndGlobalSection
	GlobalSection(ProjectConfigurationPlatforms) = postSolution
		{F0706797-0C7B-47C8-ACA9-C74F85842FE4}.Debug|Any CPU.ActiveCfg = Debug|Any CPU
		{F0706797-0C7B-47C8-ACA9-C74F85842FE4}.Debug|Any CPU.Build.0 = Debug|Any CPU
		{F0706797-0C7B-47C8-ACA9-C74F85842FE4}.Release|Any CPU.ActiveCfg = Release|Any CPU
		{F0706797-0C7B-47C8-ACA9-C74F85842FE4}.Release|Any CPU.Build.0 = Release|Any CPU
		{6F4D9D10-E662-4DCC-8E24-9073FE8F81DB}.Debug|Any CPU.ActiveCfg = Debug|Any CPU
		{6F4D9D10-E662-4DCC-8E24-9073FE8F81DB}.Debug|Any CPU.Build.0 = Debug|Any CPU
		{6F4D9D10-E662-4DCC-8E24-9073FE8F81DB}.Release|Any CPU.ActiveCfg = Release|Any CPU
		{6F4D9D10-E662-4DCC-8E24-9073FE8F81DB}.Release|Any CPU.Build.0 = Release|Any CPU
		{5CD5F0A9-4AB2-4CF2-9B3E-40AC83CCEFD8}.Debug|Any CPU.ActiveCfg = Debug|Any CPU
		{5CD5F0A9-4AB2-4CF2-9B3E-40AC83CCEFD8}.Debug|Any CPU.Build.0 = Debug|Any CPU
		{5CD5F0A9-4AB2-4CF2-9B3E-40AC83CCEFD8}.Release|Any CPU.ActiveCfg = Release|Any CPU
		{5CD5F0A9-4AB2-4CF2-9B3E-40AC83CCEFD8}.Release|Any CPU.Build.0 = Release|Any CPU
		{6391CD0D-F04B-4D40-9AAC-948CE0DA5484}.Debug|Any CPU.ActiveCfg = Debug|Any CPU
		{6391CD0D-F04B-4D40-9AAC-948CE0DA5484}.Debug|Any CPU.Build.0 = Debug|Any CPU
		{6391CD0D-F04B-4D40-9AAC-948CE0DA5484}.Release|Any CPU.ActiveCfg = Release|Any CPU
		{6391CD0D-F04B-4D40-9AAC-948CE0DA5484}.Release|Any CPU.Build.0 = Release|Any CPU
		{3628BACE-6326-461E-B8ED-C9F8F39B2D29}.Debug|Any CPU.ActiveCfg = Debug|Any CPU
		{3628BACE-6326-461E-B8ED-C9F8F39B2D29}.Debug|Any CPU.Build.0 = Debug|Any CPU
		{3628BACE-6326-461E-B8ED-C9F8F39B2D29}.Release|Any CPU.ActiveCfg = Release|Any CPU
		{3628BACE-6326-461E-B8ED-C9F8F39B2D29}.Release|Any CPU.Build.0 = Release|Any CPU
		{FD0ECAD2-EBB0-4D65-A96F-12A90F19C8C1}.Debug|Any CPU.ActiveCfg = Debug|Any CPU
		{FD0ECAD2-EBB0-4D65-A96F-12A90F19C8C1}.Debug|Any CPU.Build.0 = Debug|Any CPU
		{FD0ECAD2-EBB0-4D65-A96F-12A90F19C8C1}.Release|Any CPU.ActiveCfg = Release|Any CPU
		{FD0ECAD2-EBB0-4D65-A96F-12A90F19C8C1}.Release|Any CPU.Build.0 = Release|Any CPU
		{54526E16-D5D2-49E6-98B1-B7F4CABD722B}.Debug|Any CPU.ActiveCfg = Debug|Any CPU
		{54526E16-D5D2-49E6-98B1-B7F4CABD722B}.Debug|Any CPU.Build.0 = Debug|Any CPU
		{54526E16-D5D2-49E6-98B1-B7F4CABD722B}.Release|Any CPU.ActiveCfg = Release|Any CPU
		{54526E16-D5D2-49E6-98B1-B7F4CABD722B}.Release|Any CPU.Build.0 = Release|Any CPU
	EndGlobalSection
	GlobalSection(SolutionProperties) = preSolution
		HideSolutionNode = FALSE
	EndGlobalSection
EndGlobal
